
Microsoft Visual Studio Solution File, Format Version 12.00
# Visual Studio 2015
Project("{FAE04EC0-301F-11D3-BF4B-00C04F79EFBC}") = "AwkwardInput.CSharp", "AwkwardInput.CSharp.csproj", "{DE5306E7-0B1F-16E2-1F66-1EF9E010D0D0}"
EndProject
Project("{FAE04EC0-301F-11D3-BF4B-00C04F79EFBC}") = "AwkwardInput.CSharp.Editor", "AwkwardInput.CSharp.Editor.csproj", "{F3D1E756-971C-4441-5393-BC3168BD4732}"
EndProject
Global
	GlobalSection(SolutionConfigurationPlatforms) = preSolution
		Debug|Any CPU = Debug|Any CPU
		Release|Any CPU = Release|Any CPU
	EndGlobalSection
	GlobalSection(ProjectConfigurationPlatforms) = postSolution
		{DE5306E7-0B1F-16E2-1F66-1EF9E010D0D0}.Debug|Any CPU.ActiveCfg = Debug|Any CPU
		{DE5306E7-0B1F-16E2-1F66-1EF9E010D0D0}.Debug|Any CPU.Build.0 = Debug|Any CPU
		{DE5306E7-0B1F-16E2-1F66-1EF9E010D0D0}.Release|Any CPU.ActiveCfg = Release|Any CPU
		{DE5306E7-0B1F-16E2-1F66-1EF9E010D0D0}.Release|Any CPU.Build.0 = Release|Any CPU
		{F3D1E756-971C-4441-5393-BC3168BD4732}.Debug|Any CPU.ActiveCfg = Debug|Any CPU
		{F3D1E756-971C-4441-5393-BC3168BD4732}.Debug|Any CPU.Build.0 = Debug|Any CPU
		{F3D1E756-971C-4441-5393-BC3168BD4732}.Release|Any CPU.ActiveCfg = Release|Any CPU
		{F3D1E756-971C-4441-5393-BC3168BD4732}.Release|Any CPU.Build.0 = Release|Any CPU
	EndGlobalSection
	GlobalSection(SolutionProperties) = preSolution
		HideSolutionNode = FALSE
	EndGlobalSection
EndGlobal
